{
  "originHash" : "861ed51f52783ce817a3212131261d2a91df1eab56c3dfb53a3e7e82768dc78c",
  "pins" : [
    {
      "identity" : "aexml",
      "kind" : "remoteSourceControl",
      "location" : "https://github.com/tadija/AEXML.git",
      "state" : {
        "revision" : "db806756c989760b35108146381535aec231092b",
        "version" : "4.7.0"
      }
    },
    {
      "identity" : "command",
      "kind" : "remoteSourceControl",
      "location" : "https://github.com/tuist/Command.git",
      "state" : {
        "revision" : "079a7803b581d3022469b3a331bccd51d48d2fc0",
        "version" : "0.13.0"
      }
    },
    {
      "identity" : "mockable",
      "kind" : "remoteSourceControl",
      "location" : "https://github.com/Kolos65/Mockable",
      "state" : {
        "revision" : "1e0d218b41aef515627a0fa7c98ca2b9d2833213",
        "version" : "0.5.0"
      }
    },
    {
      "identity" : "path",
      "kind" : "remoteSourceControl",
      "location" : "https://github.com/tuist/Path",
      "state" : {
        "revision" : "7c74ac435e03a927c3a73134c48b61e60221abcb",
        "version" : "0.3.8"
      }
    },
    {
      "identity" : "pathkit",
      "kind" : "remoteSourceControl",
      "location" : "https://github.com/kylef/PathKit.git",
      "state" : {
        "revision" : "3bfd2737b700b9a36565a8c94f4ad2b050a5e574",
        "version" : "1.0.1"
      }
    },
    {
      "identity" : "spectre",
      "kind" : "remoteSourceControl",
      "location" : "https://github.com/kylef/Spectre.git",
      "state" : {
        "revision" : "26cc5e9ae0947092c7139ef7ba612e34646086c7",
        "version" : "0.10.1"
      }
    },
    {
      "identity" : "swift-argument-parser",
      "kind" : "remoteSourceControl",
      "location" : "https://github.com/apple/swift-argument-parser.git",
      "state" : {
        "revision" : "cdd0ef3755280949551dc26dee5de9ddeda89f54",
        "version" : "1.6.2"
      }
    },
    {
      "identity" : "swift-build",
      "kind" : "remoteSourceControl",
      "location" : "https://github.com/swiftlang/swift-build.git",
      "state" : {
        "revision" : "7737a7666ca94d191f33ce3d029f38d97196b50b"
      }
    },
    {
      "identity" : "swift-driver",
      "kind" : "remoteSourceControl",
      "location" : "https://github.com/swiftlang/swift-driver.git",
      "state" : {
        "branch" : "main",
        "revision" : "0764248a9d96c19389b040187c1e853a0cc54d0d"
      }
    },
    {
      "identity" : "swift-llbuild",
      "kind" : "remoteSourceControl",
      "location" : "https://github.com/swiftlang/swift-llbuild.git",
      "state" : {
        "branch" : "main",
        "revision" : "e38525ae3519021f014ad91e7bf86e7ae86044f5"
      }
    },
    {
      "identity" : "swift-log",
      "kind" : "remoteSourceControl",
      "location" : "https://github.com/apple/swift-log",
      "state" : {
        "revision" : "b1fa4ef41fe21b13120c034854042d12c43f66b2",
        "version" : "1.7.1"
      }
    },
    {
      "identity" : "swift-syntax",
      "kind" : "remoteSourceControl",
      "location" : "https://github.com/swiftlang/swift-syntax.git",
      "state" : {
        "revision" : "4799286537280063c85a32f09884cfbca301b1a1",
        "version" : "602.0.0"
      }
    },
    {
      "identity" : "swift-system",
      "kind" : "remoteSourceControl",
      "location" : "https://github.com/apple/swift-system.git",
      "state" : {
        "revision" : "395a77f0aa927f0ff73941d7ac35f2b46d47c9db",
        "version" : "1.6.3"
      }
    },
    {
      "identity" : "swift-toolchain-sqlite",
      "kind" : "remoteSourceControl",
      "location" : "https://github.com/swiftlang/swift-toolchain-sqlite",
      "state" : {
        "revision" : "b45b80b943e88db3cb8ddea798fa3fa9912375ff",
        "version" : "1.0.7"
      }
    },
    {
      "identity" : "swift-tools-protocols",
      "kind" : "remoteSourceControl",
      "location" : "https://github.com/swiftlang/swift-tools-protocols",
      "state" : {
        "revision" : "f86b413a803761408e5e718912c46d75a340801b",
        "version" : "0.0.9"
      }
    },
    {
      "identity" : "swift-tools-support-core",
      "kind" : "remoteSourceControl",
      "location" : "https://github.com/swiftlang/swift-tools-support-core.git",
      "state" : {
        "branch" : "main",
        "revision" : "84d81b7afa0e12e83bf0504fefa2bcff7367b2fe"
      }
    },
    {
      "identity" : "xcodeproj",
      "kind" : "remoteSourceControl",
      "location" : "https://github.com/tuist/xcodeproj.git",
      "state" : {
        "revision" : "a0cbb0174e71dba41c1bb572e8cd1fb6138daa03",
        "version" : "9.6.0"
      }
    },
    {
      "identity" : "xctest-dynamic-overlay",
      "kind" : "remoteSourceControl",
      "location" : "https://github.com/pointfreeco/xctest-dynamic-overlay",
      "state" : {
        "revision" : "31073495cae9caf243c440eac94b3ab067e3d7bc",
        "version" : "1.8.0"
      }
    }
  ],
  "version" : 3
}
