{
  "originHash" : "82aaedb03ffc4e685a56c7ad8f6b54eba89b4dc5b88bad05927485747baa902d",
  "pins" : [
    {
      "identity" : "swift-argument-parser",
      "kind" : "remoteSourceControl",
      "location" : "https://github.com/apple/swift-argument-parser.git",
      "state" : {
        "revision" : "626b5b7b2f45e1b0b1c6f4a309296d1d21d7311b",
        "version" : "1.7.1"
      }
    },
    {
      "identity" : "swift-build",
      "kind" : "remoteSourceControl",
      "location" : "https://github.com/swiftlang/swift-build.git",
      "state" : {
        "revision" : "fc3609a1658bc5e119dc38906eb8049a9e8b24a1"
      }
    },
    {
      "identity" : "swift-driver",
      "kind" : "remoteSourceControl",
      "location" : "https://github.com/swiftlang/swift-driver.git",
      "state" : {
        "branch" : "release/6.3",
        "revision" : "7d6b844f0c2497a997770a11536598b187066be9"
      }
    },
    {
      "identity" : "swift-llbuild",
      "kind" : "remoteSourceControl",
      "location" : "https://github.com/swiftlang/swift-llbuild.git",
      "state" : {
        "branch" : "release/6.3",
        "revision" : "e38525ae3519021f014ad91e7bf86e7ae86044f5"
      }
    },
    {
      "identity" : "swift-system",
      "kind" : "remoteSourceControl",
      "location" : "https://github.com/apple/swift-system.git",
      "state" : {
        "revision" : "395a77f0aa927f0ff73941d7ac35f2b46d47c9db",
        "version" : "1.6.3"
      }
    },
    {
      "identity" : "swift-toolchain-sqlite",
      "kind" : "remoteSourceControl",
      "location" : "https://github.com/swiftlang/swift-toolchain-sqlite",
      "state" : {
        "revision" : "b45b80b943e88db3cb8ddea798fa3fa9912375ff",
        "version" : "1.0.7"
      }
    },
    {
      "identity" : "swift-tools-protocols",
      "kind" : "remoteSourceControl",
      "location" : "https://github.com/swiftlang/swift-tools-protocols",
      "state" : {
        "revision" : "d81024558da3bcd53748c4cfdaba10a49242442e",
        "version" : "0.0.10"
      }
    },
    {
      "identity" : "swift-tools-support-core",
      "kind" : "remoteSourceControl",
      "location" : "https://github.com/swiftlang/swift-tools-support-core.git",
      "state" : {
        "branch" : "release/6.3",
        "revision" : "44be92e627f754f593ca99f1b0c982e389e9bb20"
      }
    }
  ],
  "version" : 3
}
